
Microsoft Visual Studio Solution File, Format Version 12.00
# Visual Studio Version 16
VisualStudioVersion = 16.0.31025.194
MinimumVisualStudioVersion = 10.0.40219.1
Project("{FAE04EC0-301F-11D3-BF4B-00C04F79EFBC}") = "Garage2.0", "Garage2.0\Garage2.0.csproj", "{5550A1CB-0BD2-4823-B96B-490B48FB8F04}"
EndProject
Global
	GlobalSection(SolutionConfigurationPlatforms) = preSolution
		Debug|Any CPU = Debug|Any CPU
		Release|Any CPU = Release|Any CPU
	EndGlobalSection
	GlobalSection(ProjectConfigurationPlatforms) = postSolution
		{5550A1CB-0BD2-4823-B96B-490B48FB8F04}.Debug|Any CPU.ActiveCfg = Debug|Any CPU
		{5550A1CB-0BD2-4823-B96B-490B48FB8F04}.Debug|Any CPU.Build.0 = Debug|Any CPU
		{5550A1CB-0BD2-4823-B96B-490B48FB8F04}.Release|Any CPU.ActiveCfg = Release|Any CPU
		{5550A1CB-0BD2-4823-B96B-490B48FB8F04}.Release|Any CPU.Build.0 = Release|Any CPU
	EndGlobalSection
	GlobalSection(SolutionProperties) = preSolution
		HideSolutionNode = FALSE
	EndGlobalSection
	GlobalSection(ExtensibilityGlobals) = postSolution
		SolutionGuid = {3E4E6EA4-C7D4-4295-A8FE-E8F7289B10AA}
	EndGlobalSection
EndGlobal
